{
  "originHash" : "f613236930ccc55be99de4761853adf667ffecbfc03b56eee2c7e824ed7a4c2c",
  "pins" : [
    {
      "identity" : "nativeuiauditkit",
      "kind" : "remoteSourceControl",
      "location" : "https://github.com/SerialForBreakfast/NativeUIAuditKit.git",
      "state" : {
        "revision" : "17a883bf90c49f1c4f75682f2ed3e4f579874026",
        "version" : "2.0.0"
      }
    },
    {
      "identity" : "swift-argument-parser",
      "kind" : "remoteSourceControl",
      "location" : "https://github.com/apple/swift-argument-parser.git",
      "state" : {
        "revision" : "6a52f3251125d74daf04fcbd5e6f08a75d074382",
        "version" : "1.8.2"
      }
    }
  ],
  "version" : 3
}
